lockfileVersion: '9.0'

settings:
  autoInstallPeers: true
  excludeLinksFromLockfile: false

importers:

  .:
    dependencies:
      plotly.js-dist:
        specifier: ^2.35.2
        version: 2.35.2

packages:

  plotly.js-dist@2.35.2:
    resolution: {integrity: sha512-zbKfz7jXGcLGoyPJxjGrKLttPiqvsEjIMHON/dEU/mnOJ+/yYoEctEEQ3qp5zQmvoovw1L47kCsQpq/GTbejBA==}

snapshots:

  plotly.js-dist@2.35.2: {}
